
Microsoft Visual Studio Solution File, Format Version 12.00
# Visual Studio Version 17
VisualStudioVersion = 17.12.35521.163 d17.12
MinimumVisualStudioVersion = 10.0.40219.1
Project("{8BC9CEB8-8B4A-11D0-8D11-00A0C91BC942}") = "bootloader", "bootloader\bootloader.vcxproj", "{9152A1D8-C059-46E2-8D67-3E1B965CC145}"
EndProject
Project("{8BC9CEB8-8B4A-11D0-8D11-00A0C91BC942}") = "kernal", "kernal\kernal.vcxproj", "{D03B970A-5B97-4778-8F0F-2B653166EC97}"
EndProject
Global
	GlobalSection(SolutionConfigurationPlatforms) = preSolution
		build|x64 = build|x64
		build|x86 = build|x86
	EndGlobalSection
	GlobalSection(ProjectConfigurationPlatforms) = postSolution
		{9152A1D8-C059-46E2-8D67-3E1B965CC145}.build|x64.ActiveCfg = Release|x64
		{9152A1D8-C059-46E2-8D67-3E1B965CC145}.build|x64.Build.0 = Release|x64
		{9152A1D8-C059-46E2-8D67-3E1B965CC145}.build|x86.ActiveCfg = Release|Win32
		{9152A1D8-C059-46E2-8D67-3E1B965CC145}.build|x86.Build.0 = Release|Win32
		{D03B970A-5B97-4778-8F0F-2B653166EC97}.build|x64.ActiveCfg = Release|x64
		{D03B970A-5B97-4778-8F0F-2B653166EC97}.build|x64.Build.0 = Release|x64
		{D03B970A-5B97-4778-8F0F-2B653166EC97}.build|x86.ActiveCfg = Debug|Win32
		{D03B970A-5B97-4778-8F0F-2B653166EC97}.build|x86.Build.0 = Debug|Win32
	EndGlobalSection
	GlobalSection(SolutionProperties) = preSolution
		HideSolutionNode = FALSE
	EndGlobalSection
EndGlobal
