<?xml version="1.0" encoding="utf-8"?>
<Project ToolsVersion="4.0" xmlns="http://schemas.microsoft.com/developer/msbuild/2003">
  <ItemGroup>
    <Filter Include="source">
      <UniqueIdentifier>{4FC737F1-C7A5-4376-A066-2A32D752A2FF}</UniqueIdentifier>
      <Extensions>cpp;c;cc;cxx;c++;cppm;ixx;def;odl;idl;hpj;bat;asm;asmx</Extensions>
    </Filter>
    <Filter Include="util">
      <UniqueIdentifier>{8cdf429b-a947-4e2f-8b45-ae69f0f59805}</UniqueIdentifier>
    </Filter>
    <Filter Include="boot">
      <UniqueIdentifier>{6f306161-bf39-47d7-96ba-73d664c0f167}</UniqueIdentifier>
    </Filter>
  </ItemGroup>
  <ItemGroup>
    <ClCompile Include="UefiMain.c">
      <Filter>source</Filter>
    </ClCompile>
    <ClCompile Include="util.c">
      <Filter>util</Filter>
    </ClCompile>
    <ClCompile Include="boot.c">
      <Filter>boot</Filter>
    </ClCompile>
    <ClCompile Include="filesystem.c">
      <Filter>boot</Filter>
    </ClCompile>
    <ClCompile Include="image.c">
      <Filter>boot</Filter>
    </ClCompile>
  </ItemGroup>
  <ItemGroup>
    <ClInclude Include="util.h">
      <Filter>util</Filter>
    </ClInclude>
    <ClInclude Include="boot.h">
      <Filter>boot</Filter>
    </ClInclude>
    <ClInclude Include="efi.h">
      <Filter>boot</Filter>
    </ClInclude>
    <ClInclude Include="filesystem.h">
      <Filter>boot</Filter>
    </ClInclude>
    <ClInclude Include="bdefs.h">
      <Filter>boot</Filter>
    </ClInclude>
    <ClInclude Include="image.h">
      <Filter>boot</Filter>
    </ClInclude>
    <ClInclude Include="status.h">
      <Filter>boot</Filter>
    </ClInclude>
    <ClInclude Include="stdint.h">
      <Filter>boot</Filter>
    </ClInclude>
  </ItemGroup>
</Project>